
Microsoft Visual Studio Solution File, Format Version 12.00
# Visual Studio Version 17
VisualStudioVersion = 17.0.32126.317
MinimumVisualStudioVersion = 10.0.40219.1
Project("{9A19103F-16F7-4668-BE54-9A1E7A4F7556}") = "DotNetCoreSqlDb", "DotNetCoreSqlDb.csproj", "{BA812546-28B5-4003-82C6-61CA723F38EE}"
EndProject
Project("{FAE04EC0-301F-11D3-BF4B-00C04F79EFBC}") = "Schedule", "..\Schedule\Schedule.csproj", "{3D1C7308-B257-4677-BC14-F74119ADBE6E}"
EndProject
Global
	GlobalSection(SolutionConfigurationPlatforms) = preSolution
		Debug|Any CPU = Debug|Any CPU
		Release|Any CPU = Release|Any CPU
	EndGlobalSection
	GlobalSection(ProjectConfigurationPlatforms) = postSolution
		{BA812546-28B5-4003-82C6-61CA723F38EE}.Debug|Any CPU.ActiveCfg = Debug|Any CPU
		{BA812546-28B5-4003-82C6-61CA723F38EE}.Debug|Any CPU.Build.0 = Debug|Any CPU
		{BA812546-28B5-4003-82C6-61CA723F38EE}.Release|Any CPU.ActiveCfg = Release|Any CPU
		{BA812546-28B5-4003-82C6-61CA723F38EE}.Release|Any CPU.Build.0 = Release|Any CPU
		{3D1C7308-B257-4677-BC14-F74119ADBE6E}.Debug|Any CPU.ActiveCfg = Debug|Any CPU
		{3D1C7308-B257-4677-BC14-F74119ADBE6E}.Debug|Any CPU.Build.0 = Debug|Any CPU
		{3D1C7308-B257-4677-BC14-F74119ADBE6E}.Release|Any CPU.ActiveCfg = Release|Any CPU
		{3D1C7308-B257-4677-BC14-F74119ADBE6E}.Release|Any CPU.Build.0 = Release|Any CPU
	EndGlobalSection
	GlobalSection(SolutionProperties) = preSolution
		HideSolutionNode = FALSE
	EndGlobalSection
	GlobalSection(ExtensibilityGlobals) = postSolution
		SolutionGuid = {088A170C-D702-4188-A654-42501F846B0F}
	EndGlobalSection
EndGlobal
